
Microsoft Visual Studio Solution File, Format Version 12.00
# Visual Studio Version 16
VisualStudioVersion = 16.0.32630.194
MinimumVisualStudioVersion = 10.0.40219.1
Project("{9A19103F-16F7-4668-BE54-9A1E7A4F7556}") = "Learning_Diary_Backend", "Week6_App_EL\Learning_Diary_Backend.csproj", "{65D03142-7927-4B00-87C5-075D8AADB7CA}"
EndProject
Global
	GlobalSection(SolutionConfigurationPlatforms) = preSolution
		Debug|Any CPU = Debug|Any CPU
		Release|Any CPU = Release|Any CPU
	EndGlobalSection
	GlobalSection(ProjectConfigurationPlatforms) = postSolution
		{65D03142-7927-4B00-87C5-075D8AADB7CA}.Debug|Any CPU.ActiveCfg = Debug|Any CPU
		{65D03142-7927-4B00-87C5-075D8AADB7CA}.Debug|Any CPU.Build.0 = Debug|Any CPU
		{65D03142-7927-4B00-87C5-075D8AADB7CA}.Release|Any CPU.ActiveCfg = Release|Any CPU
		{65D03142-7927-4B00-87C5-075D8AADB7CA}.Release|Any CPU.Build.0 = Release|Any CPU
	EndGlobalSection
	GlobalSection(SolutionProperties) = preSolution
		HideSolutionNode = FALSE
	EndGlobalSection
	GlobalSection(ExtensibilityGlobals) = postSolution
		SolutionGuid = {E04676FA-4BB4-4943-A997-55DD9DECB965}
	EndGlobalSection
EndGlobal
